github.com/davecgh/go-spew v1.1.0 h1:ZDRjVQ15GmhC3fiQ8ni8+OwkZQO4DARzQgrnXU1Liz8=
github.com/davecgh/go-spew v1.1.0/go.mod h1:J7Y8YcW2NihsgmVo/mv3lAwl/skON4iLHjSsI+c5H38=
github.com/davecgh/go-spew v1.1.1/go.mod h1:J7Y8YcW2NihsgmVo/mv3lAwl/skON4iLHjSsI+c5H38=
github.com/nate-droid/core v0.0.0-20210918112733-897fd54c050a h1:fZK59ut3vuBIpPVuo3TLRl58UAPIzg/iPHFrKAe5qok=
github.com/nate-droid/core v0.0.0-20210918112733-897fd54c050a/go.mod h1:8niZAELBEaJ+KlopP/kLosk9dBJA9KYRHjVN5DHhLeY=
github.com/nate-droid/core v0.0.0-20210918175727-a9cdd3a12d0c h1:Yp2WxdcRAUn3duVP3LHVAJayN8J1uIoz3JqEvwGJeH8=
github.com/nate-droid/core v0.0.0-20210918175727-a9cdd3a12d0c/go.mod h1:kVYFTO1tvgn3+OG2hCkN5vut85sXIm3rvajersoXRUw=
github.com/nate-droid/core v0.0.0-20210918185746-c737317609f8 h1:D3Zir2kcCtj7Ks/sW5TKvp72c/aLjcgw7gr/gVM5z50=
github.com/nate-droid/core v0.0.0-20210918185746-c737317609f8/go.mod h1:kVYFTO1tvgn3+OG2hCkN5vut85sXIm3rvajersoXRUw=
github.com/nate-droid/core v0.1.0 h1:1Thl2X3J4gQePRt4iZ06IjT0xYeNTiw5NkKq6NGwreU=
github.com/nate-droid/core v0.1.0/go.mod h1:kVYFTO1tvgn3+OG2hCkN5vut85sXIm3rvajersoXRUw=
github.com/nate-droid/core v0.3.0 h1:oF4neyNTljULdIgMDc5YdJSoTJmZSNKQnccsxFTyjX4=
github.com/nate-droid/core v0.3.0/go.mod h1:kVYFTO1tvgn3+OG2hCkN5vut85sXIm3rvajersoXRUw=
github.com/nate-droid/core v0.4.0 h1:YRleVEONTUQD4UbhO7c8Ek/4VncCbMmmAtxZ1C0+0Rk=
github.com/nate-droid/core v0.4.0/go.mod h1:kVYFTO1tvgn3+OG2hCkN5vut85sXIm3rvajersoXRUw=
github.com/nate-droid/core v0.5.0 h1:Fz42Q4FgtOy6J1WK8XlQ485Kn0nSpvVIdhR8AAxgTzY=
github.com/nate-droid/core v0.5.0/go.mod h1:kVYFTO1tvgn3+OG2hCkN5vut85sXIm3rvajersoXRUw=
github.com/nats-io/nats.go v1.12.1 h1:+0ndxwUPz3CmQ2vjbXdkC1fo3FdiOQDim4gl3Mge8Qo=
github.com/nats-io/nats.go v1.12.1/go.mod h1:BPko4oXsySz4aSWeFgOHLZs3G4Jq4ZAyE6/zMCxRT6w=
github.com/nats-io/nkeys v0.3.0 h1:cgM5tL53EvYRU+2YLXIK0G2mJtK12Ft9oeooSZMA2G8=
github.com/nats-io/nkeys v0.3.0/go.mod h1:gvUNGjVcM2IPr5rCsRsC6Wb3Hr2CQAm08dsxtV6A5y4=
github.com/nats-io/nuid v1.0.1 h1:5iA8DT8V7q8WK2EScv2padNa/rTESc1KdnPw4TC2paw=
github.com/nats-io/nuid v1.0.1/go.mod h1:19wcPz3Ph3q0Jbyiqsd0kePYG7A95tJPxeL+1OSON2c=
github.com/pmezard/go-difflib v1.0.0 h1:4DBwDE0NGyQoBHbLQYPwSUPoCMWR5BEzIk/f1lZbAQM=
github.com/pmezard/go-difflib v1.0.0/go.mod h1:iKH77koFhYxTK1pcRnkKkqfTogsbg7gZNVY4sRDYZ/4=
github.com/stretchr/objx v0.1.0/go.mod h1:HFkY916IF+rwdDfMAkV7OtwuqBVzrE8GR6GFx+wExME=
github.com/stretchr/testify v1.7.0 h1:nwc3DEeHmmLAfoZucVR881uASk0Mfjw8xYJ99tb5CcY=
github.com/stretchr/testify v1.7.0/go.mod h1:6Fq8oRcR53rry900zMqJjRRixrwX3KX962/h/Wwjteg=
golang.org/x/crypto v0.0.0-20210314154223-e6e6c4f2bb5b h1:wSOdpTq0/eI46Ez/LkDwIsAKA71YP2SRKBODiRWM0as=
golang.org/x/crypto v0.0.0-20210314154223-e6e6c4f2bb5b/go.mod h1:T9bdIzuCu7OtxOm1hfPfRQxPLYneinmdGuTeoZ9dtd4=
golang.org/x/net v0.0.0-20210226172049-e18ecbb05110/go.mod h1:m0MpNAwzfU5UDzcl9v0D8zg8gWTRqZa9RBIspLL5mdg=
golang.org/x/sync v0.0.0-20210220032951-036812b2e83c h1:5KslGYwFpkhGh+Q16bwMP3cOontH8FOep7tGV86Y7SQ=
golang.org/x/sync v0.0.0-20210220032951-036812b2e83c/go.mod h1:RxMgew5VJxzue5/jJTE5uejpjVlOe/izrB70Jof72aM=
golang.org/x/sys v0.0.0-20201119102817-f84b799fce68/go.mod h1:h1NjWce9XRLGQEsW7wpKNCjG9DtNlClVuFLEZdDNbEs=
golang.org/x/term v0.0.0-20201126162022-7de9c90e9dd1/go.mod h1:bj7SfCRtBDWHUb9snDiAeCFNEtKQo2Wmx5Cou7ajbmo=
golang.org/x/text v0.3.3/go.mod h1:5Zoc/QRtKVWzQhOtBMvqHzDpF6irO9z98xDceosuGiQ=
golang.org/x/tools v0.0.0-20180917221912-90fa682c2a6e/go.mod h1:n7NCudcB/nEzxVGmLbDWY5pfWTLqBcC2KZ6jyYvM4mQ=
gopkg.in/check.v1 v0.0.0-20161208181325-20d25e280405/go.mod h1:Co6ibVJAznAaIkqp8huTwlJQCZ016jof/cbN4VW5Yz0=
gopkg.in/yaml.v3 v3.0.0-20200313102051-9f266ea9e77c h1:dUUwHk2QECo/6vqA44rthZ8ie2QXMNeKRTHCNY2nXvo=
gopkg.in/yaml.v3 v3.0.0-20200313102051-9f266ea9e77c/go.mod h1:K4uyk7z7BCEPqu6E+C64Yfv1cQ7kz7rIZviUmN+EgEM=
